
Microsoft Visual Studio Solution File, Format Version 12.00
# Visual Studio 2015
Project("{FAE04EC0-301F-11D3-BF4B-00C04F79EFBC}") = "HoldMeJack.CSharp.Plugins", "HoldMeJack.CSharp.Plugins.csproj", "{D687A7B5-0226-A49E-BF7B-F6005C3C63FC}"
EndProject
Project("{FAE04EC0-301F-11D3-BF4B-00C04F79EFBC}") = "HoldMeJack.CSharp", "HoldMeJack.CSharp.csproj", "{F13F3BE5-A3F8-E86D-AFBC-9CD0EB43CB26}"
EndProject
Project("{FAE04EC0-301F-11D3-BF4B-00C04F79EFBC}") = "HoldMeJack.CSharp.Editor", "HoldMeJack.CSharp.Editor.csproj", "{8ABAE6AA-9037-8AF1-BE90-32384A9324F0}"
EndProject
Global
	GlobalSection(SolutionConfigurationPlatforms) = preSolution
		Debug|Any CPU = Debug|Any CPU
		Release|Any CPU = Release|Any CPU
	EndGlobalSection
	GlobalSection(ProjectConfigurationPlatforms) = postSolution
		{D687A7B5-0226-A49E-BF7B-F6005C3C63FC}.Debug|Any CPU.ActiveCfg = Debug|Any CPU
		{D687A7B5-0226-A49E-BF7B-F6005C3C63FC}.Debug|Any CPU.Build.0 = Debug|Any CPU
		{D687A7B5-0226-A49E-BF7B-F6005C3C63FC}.Release|Any CPU.ActiveCfg = Release|Any CPU
		{D687A7B5-0226-A49E-BF7B-F6005C3C63FC}.Release|Any CPU.Build.0 = Release|Any CPU
		{F13F3BE5-A3F8-E86D-AFBC-9CD0EB43CB26}.Debug|Any CPU.ActiveCfg = Debug|Any CPU
		{F13F3BE5-A3F8-E86D-AFBC-9CD0EB43CB26}.Debug|Any CPU.Build.0 = Debug|Any CPU
		{F13F3BE5-A3F8-E86D-AFBC-9CD0EB43CB26}.Release|Any CPU.ActiveCfg = Release|Any CPU
		{F13F3BE5-A3F8-E86D-AFBC-9CD0EB43CB26}.Release|Any CPU.Build.0 = Release|Any CPU
		{8ABAE6AA-9037-8AF1-BE90-32384A9324F0}.Debug|Any CPU.ActiveCfg = Debug|Any CPU
		{8ABAE6AA-9037-8AF1-BE90-32384A9324F0}.Debug|Any CPU.Build.0 = Debug|Any CPU
		{8ABAE6AA-9037-8AF1-BE90-32384A9324F0}.Release|Any CPU.ActiveCfg = Release|Any CPU
		{8ABAE6AA-9037-8AF1-BE90-32384A9324F0}.Release|Any CPU.Build.0 = Release|Any CPU
	EndGlobalSection
	GlobalSection(SolutionProperties) = preSolution
		HideSolutionNode = FALSE
	EndGlobalSection
EndGlobal
